<Solution>
  <Folder Name="/src/" />
  <Folder Name="/src/DotNet/">
    <Project Path="src/DotNet/Diagram.Blazor.Server/Diagram.Blazor.Server.csproj" />
    <Project Path="src/DotNet/Diagram.Blazor/Diagram.Blazor.csproj" />
    <Project Path="src/DotNet/Diagram.Diffing/Diagram.Diffing.csproj" />
    <Project Path="src/DotNet/Diagram.Projection/Diagram.Projection.csproj" />
    <Project Path="src/DotNet/Diagram.Protocol/Diagram.Protocol.csproj" />
    <Project Path="src/DotNet/Diagram.Semantics/Diagram.Semantics.csproj" />
  </Folder>
  <Folder Name="/tests/" />
  <Folder Name="/tests/DotNet/">
    <Project Path="tests/DotNet/Diagram.Diffing.Tests/Diagram.Diffing.Tests.csproj" />
    <Project Path="tests/DotNet/Diagram.Projection.Tests/Diagram.Projection.Tests.csproj" />
    <Project Path="tests/DotNet/Diagram.Protocol.Tests/Diagram.Protocol.Tests.csproj" />
    <Project Path="tests/DotNet/Diagram.Semantics.Tests/Diagram.Semantics.Tests.csproj" />
  </Folder>
</Solution>
